<?xml version="1.0" encoding="utf-8"?>
<Project ToolsVersion="4.0" xmlns="http://schemas.microsoft.com/developer/msbuild/2003">
  <ItemGroup>
    <Filter Include="Source Files">
      <UniqueIdentifier>{4FC737F1-C7A5-4376-A066-2A32D752A2FF}</UniqueIdentifier>
      <Extensions>cpp;c;cc;cxx;def;odl;idl;hpj;bat;asm;asmx</Extensions>
    </Filter>
    <Filter Include="Header Files">
      <UniqueIdentifier>{93995380-89BD-4b04-88EB-625FBE52EBFB}</UniqueIdentifier>
      <Extensions>h;hh;hpp;hxx;hm;inl;inc;ipp;xsd</Extensions>
    </Filter>
    <Filter Include="Resource Files">
      <UniqueIdentifier>{67DA6AB6-F800-4c08-8B7A-83BB121AAD01}</UniqueIdentifier>
      <Extensions>rc;ico;cur;bmp;dlg;rc2;rct;bin;rgs;gif;jpg;jpeg;jpe;resx;tiff;tif;png;wav;mfcribbon-ms</Extensions>
    </Filter>
    <Filter Include="scripts">
      <UniqueIdentifier>{72c2a74d-ee5d-4c71-8c09-dac2efdb3aae}</UniqueIdentifier>
    </Filter>
    <Filter Include="uwp">
      <UniqueIdentifier>{56dcf9cb-4d4d-4f3a-910b-c7f3efda2bc1}</UniqueIdentifier>
    </Filter>
  </ItemGroup>
  <ItemGroup>
    <ClInclude Include="stdafx.h">
      <Filter>Header Files</Filter>
    </ClInclude>
    <ClInclude Include="targetver.h">
      <Filter>Header Files</Filter>
    </ClInclude>
    <ClInclude Include="uwp\stdafx.h">
      <Filter>uwp</Filter>
    </ClInclude>
    <ClInclude Include="uwp\winrt-view.h">
      <Filter>uwp</Filter>
    </ClInclude>
    <ClInclude Include="uwp\winrt-timers-implementation.h">
      <Filter>uwp</Filter>
    </ClInclude>
    <ClInclude Include="uwp\uwp-platform.h">
      <Filter>uwp</Filter>
    </ClInclude>
    <ClInclude Include="uwp-mixed-reality-context.h">
      <Filter>Header Files</Filter>
    </ClInclude>
    <ClInclude Include="uwp-spatial-input.h">
      <Filter>Header Files</Filter>
    </ClInclude>
    <ClInclude Include="uwp-opengl-context.h">
      <Filter>Header Files</Filter>
    </ClInclude>
    <ClInclude Include="file-handle-access.h">
      <Filter>Header Files</Filter>
    </ClInclude>
  </ItemGroup>
  <ItemGroup>
    <ClCompile Include="stdafx.cpp">
      <Filter>Source Files</Filter>
    </ClCompile>
    <ClCompile Include="dllmain.cpp">
      <Filter>Source Files</Filter>
    </ClCompile>
    <ClCompile Include="uwp\winrt-view.cpp">
      <Filter>uwp</Filter>
    </ClCompile>
    <ClCompile Include="uwp\winrt-timers-implementation.cpp">
      <Filter>uwp</Filter>
    </ClCompile>
    <ClCompile Include="uwp\uwp-platform.cpp">
      <Filter>uwp</Filter>
    </ClCompile>
    <ClCompile Include="uwp-mixed-reality-context.cpp">
      <Filter>Source Files</Filter>
    </ClCompile>
    <ClCompile Include="uwp-spatial-input.cpp">
      <Filter>Source Files</Filter>
    </ClCompile>
    <ClCompile Include="uwp-opengl-context.cpp">
      <Filter>Source Files</Filter>
    </ClCompile>
  </ItemGroup>
  <ItemGroup>
    <None Include="..\..\..\core\scripts\2d-context.js">
      <Filter>scripts</Filter>
    </None>
    <None Include="..\..\..\core\scripts\canvas.js">
      <Filter>scripts</Filter>
    </None>
    <None Include="..\..\..\core\scripts\canvas-vr.js">
      <Filter>scripts</Filter>
    </None>
    <None Include="..\..\..\core\scripts\console.js">
      <Filter>scripts</Filter>
    </None>
    <None Include="..\..\..\core\scripts\document.js">
      <Filter>scripts</Filter>
    </None>
    <None Include="..\..\..\core\scripts\gamepad.js">
      <Filter>scripts</Filter>
    </None>
    <None Include="..\..\..\core\scripts\image.js">
      <Filter>scripts</Filter>
    </None>
    <None Include="..\..\..\core\scripts\timers.js">
      <Filter>scripts</Filter>
    </None>
    <None Include="..\..\..\core\scripts\URL.js">
      <Filter>scripts</Filter>
    </None>
    <None Include="..\..\..\core\scripts\webaudio.js">
      <Filter>scripts</Filter>
    </None>
    <None Include="..\..\..\core\scripts\webgl-context.js">
      <Filter>scripts</Filter>
    </None>
    <None Include="..\..\..\core\scripts\webvr.js">
      <Filter>scripts</Filter>
    </None>
    <None Include="..\..\..\core\scripts\window.js">
      <Filter>scripts</Filter>
    </None>
    <None Include="..\..\..\core\scripts\xmlhttprequest.js">
      <Filter>scripts</Filter>
    </None>
    <None Include="..\..\..\core\scripts\websocket.js">
      <Filter>scripts</Filter>
    </None>
    <None Include="..\..\..\core\scripts\surface-mapper.js">
      <Filter>scripts</Filter>
    </None>
    <None Include="..\..\..\core\scripts\loading-animation.js">
      <Filter>scripts</Filter>
    </None>
    <None Include="..\..\..\core\scripts\three.js">
      <Filter>scripts</Filter>
    </None>
    <None Include="..\..\..\core\scripts\speech-recognizer.js">
      <Filter>scripts</Filter>
    </None>
    <None Include="..\..\..\core\scripts\spatial-anchors.js">
      <Filter>scripts</Filter>
    </None>
  </ItemGroup>
</Project>