
Microsoft Visual Studio Solution File, Format Version 12.00
# Visual Studio 15
VisualStudioVersion = 15.0.28307.421
MinimumVisualStudioVersion = 10.0.40219.1
Project("{FAE04EC0-301F-11D3-BF4B-00C04F79EFBC}") = "webgl-code-generator", "webgl-code-generator.csproj", "{0FCE8E6E-307B-4BC3-883E-DF7C18BAF72B}"
EndProject
Global
	GlobalSection(SolutionConfigurationPlatforms) = preSolution
		Debug|Any CPU = Debug|Any CPU
		Release|Any CPU = Release|Any CPU
	EndGlobalSection
	GlobalSection(ProjectConfigurationPlatforms) = postSolution
		{0FCE8E6E-307B-4BC3-883E-DF7C18BAF72B}.Debug|Any CPU.ActiveCfg = Debug|Any CPU
		{0FCE8E6E-307B-4BC3-883E-DF7C18BAF72B}.Debug|Any CPU.Build.0 = Debug|Any CPU
		{0FCE8E6E-307B-4BC3-883E-DF7C18BAF72B}.Release|Any CPU.ActiveCfg = Release|Any CPU
		{0FCE8E6E-307B-4BC3-883E-DF7C18BAF72B}.Release|Any CPU.Build.0 = Release|Any CPU
	EndGlobalSection
	GlobalSection(SolutionProperties) = preSolution
		HideSolutionNode = FALSE
	EndGlobalSection
	GlobalSection(ExtensibilityGlobals) = postSolution
		SolutionGuid = {79FB9BCF-EEC6-4226-A45E-07E028C58225}
	EndGlobalSection
EndGlobal
