
Microsoft Visual Studio Solution File, Format Version 12.00
# Visual Studio 15
VisualStudioVersion = 15.0.28307.421
MinimumVisualStudioVersion = 10.0.40219.1
Project("{8BC9CEB8-8B4A-11D0-8D11-00A0C91BC942}") = "viewer", "viewer\viewer.vcxproj", "{51B20CF5-9030-4A6B-945B-36036AE34D50}"
EndProject
Project("{FAE04EC0-301F-11D3-BF4B-00C04F79EFBC}") = "spin", "spin\spin.csproj", "{9BC54C3B-AB0E-49B3-BEF7-993EAD5A5087}"
EndProject
Global
	GlobalSection(SolutionConfigurationPlatforms) = preSolution
		Debug|ARM = Debug|ARM
		Debug|ARM64 = Debug|ARM64
		Debug|x64 = Debug|x64
		Debug|x86 = Debug|x86
		Release|ARM = Release|ARM
		Release|ARM64 = Release|ARM64
		Release|x64 = Release|x64
		Release|x86 = Release|x86
	EndGlobalSection
	GlobalSection(ProjectConfigurationPlatforms) = postSolution
		{51B20CF5-9030-4A6B-945B-36036AE34D50}.Debug|ARM.ActiveCfg = Debug|ARM
		{51B20CF5-9030-4A6B-945B-36036AE34D50}.Debug|ARM.Build.0 = Debug|ARM
		{51B20CF5-9030-4A6B-945B-36036AE34D50}.Debug|ARM.Deploy.0 = Debug|ARM
		{51B20CF5-9030-4A6B-945B-36036AE34D50}.Debug|ARM64.ActiveCfg = Debug|ARM64
		{51B20CF5-9030-4A6B-945B-36036AE34D50}.Debug|ARM64.Build.0 = Debug|ARM64
		{51B20CF5-9030-4A6B-945B-36036AE34D50}.Debug|ARM64.Deploy.0 = Debug|ARM64
		{51B20CF5-9030-4A6B-945B-36036AE34D50}.Debug|x64.ActiveCfg = Debug|x64
		{51B20CF5-9030-4A6B-945B-36036AE34D50}.Debug|x64.Build.0 = Debug|x64
		{51B20CF5-9030-4A6B-945B-36036AE34D50}.Debug|x64.Deploy.0 = Debug|x64
		{51B20CF5-9030-4A6B-945B-36036AE34D50}.Debug|x86.ActiveCfg = Debug|Win32
		{51B20CF5-9030-4A6B-945B-36036AE34D50}.Debug|x86.Build.0 = Debug|Win32
		{51B20CF5-9030-4A6B-945B-36036AE34D50}.Debug|x86.Deploy.0 = Debug|Win32
		{51B20CF5-9030-4A6B-945B-36036AE34D50}.Release|ARM.ActiveCfg = Release|ARM
		{51B20CF5-9030-4A6B-945B-36036AE34D50}.Release|ARM.Build.0 = Release|ARM
		{51B20CF5-9030-4A6B-945B-36036AE34D50}.Release|ARM.Deploy.0 = Release|ARM
		{51B20CF5-9030-4A6B-945B-36036AE34D50}.Release|ARM64.ActiveCfg = Release|ARM64
		{51B20CF5-9030-4A6B-945B-36036AE34D50}.Release|ARM64.Build.0 = Release|ARM64
		{51B20CF5-9030-4A6B-945B-36036AE34D50}.Release|ARM64.Deploy.0 = Release|ARM64
		{51B20CF5-9030-4A6B-945B-36036AE34D50}.Release|x64.ActiveCfg = Release|x64
		{51B20CF5-9030-4A6B-945B-36036AE34D50}.Release|x64.Build.0 = Release|x64
		{51B20CF5-9030-4A6B-945B-36036AE34D50}.Release|x64.Deploy.0 = Release|x64
		{51B20CF5-9030-4A6B-945B-36036AE34D50}.Release|x86.ActiveCfg = Release|Win32
		{51B20CF5-9030-4A6B-945B-36036AE34D50}.Release|x86.Build.0 = Release|Win32
		{51B20CF5-9030-4A6B-945B-36036AE34D50}.Release|x86.Deploy.0 = Release|Win32
		{9BC54C3B-AB0E-49B3-BEF7-993EAD5A5087}.Debug|ARM.ActiveCfg = Debug|x64
		{9BC54C3B-AB0E-49B3-BEF7-993EAD5A5087}.Debug|ARM64.ActiveCfg = Debug|x64
		{9BC54C3B-AB0E-49B3-BEF7-993EAD5A5087}.Debug|x64.ActiveCfg = Debug|x64
		{9BC54C3B-AB0E-49B3-BEF7-993EAD5A5087}.Debug|x64.Build.0 = Debug|x64
		{9BC54C3B-AB0E-49B3-BEF7-993EAD5A5087}.Debug|x86.ActiveCfg = Debug|x64
		{9BC54C3B-AB0E-49B3-BEF7-993EAD5A5087}.Release|ARM.ActiveCfg = Release|x64
		{9BC54C3B-AB0E-49B3-BEF7-993EAD5A5087}.Release|ARM64.ActiveCfg = Release|x64
		{9BC54C3B-AB0E-49B3-BEF7-993EAD5A5087}.Release|x64.ActiveCfg = Release|x64
		{9BC54C3B-AB0E-49B3-BEF7-993EAD5A5087}.Release|x64.Build.0 = Release|x64
		{9BC54C3B-AB0E-49B3-BEF7-993EAD5A5087}.Release|x86.ActiveCfg = Release|x64
	EndGlobalSection
	GlobalSection(SolutionProperties) = preSolution
		HideSolutionNode = FALSE
	EndGlobalSection
	GlobalSection(ExtensibilityGlobals) = postSolution
		SolutionGuid = {CF7F3092-CBAB-4DB7-B2E7-E1B5BD9BE3A9}
	EndGlobalSection
EndGlobal
