
Microsoft Visual Studio Solution File, Format Version 12.00
# Visual Studio 15
VisualStudioVersion = 15.0.28307.421
MinimumVisualStudioVersion = 10.0.40219.1
Project("{8BC9CEB8-8B4A-11D0-8D11-00A0C91BC942}") = "core-lib", "core-lib\core-lib.vcxproj", "{8300855A-47F0-4D5C-B47F-C463AA4F3E78}"
EndProject
Project("{8BC9CEB8-8B4A-11D0-8D11-00A0C91BC942}") = "context2d-lib", "context2d-lib\context2d-lib.vcxproj", "{4F2E6A35-3558-4922-A118-338930558577}"
	ProjectSection(ProjectDependencies) = postProject
		{1B87F533-54BD-4DE9-B1DC-BFFDBF260596} = {1B87F533-54BD-4DE9-B1DC-BFFDBF260596}
		{8300855A-47F0-4D5C-B47F-C463AA4F3E78} = {8300855A-47F0-4D5C-B47F-C463AA4F3E78}
	EndProjectSection
EndProject
Project("{8BC9CEB8-8B4A-11D0-8D11-00A0C91BC942}") = "common-lib", "common-lib\common-lib.vcxproj", "{1B87F533-54BD-4DE9-B1DC-BFFDBF260596}"
	ProjectSection(ProjectDependencies) = postProject
		{8300855A-47F0-4D5C-B47F-C463AA4F3E78} = {8300855A-47F0-4D5C-B47F-C463AA4F3E78}
	EndProjectSection
EndProject
Project("{8BC9CEB8-8B4A-11D0-8D11-00A0C91BC942}") = "win32-component", "win32-component\win32-component.vcxproj", "{2A23D510-7508-4ABE-B21C-1EDF155EBF24}"
	ProjectSection(ProjectDependencies) = postProject
		{4F2E6A35-3558-4922-A118-338930558577} = {4F2E6A35-3558-4922-A118-338930558577}
	EndProjectSection
EndProject
Project("{8BC9CEB8-8B4A-11D0-8D11-00A0C91BC942}") = "uwp-component", "uwp-component\uwp-component.vcxproj", "{D85EDA8C-E19E-4CF6-80F1-C2F3B9348F31}"
	ProjectSection(ProjectDependencies) = postProject
		{1B87F533-54BD-4DE9-B1DC-BFFDBF260596} = {1B87F533-54BD-4DE9-B1DC-BFFDBF260596}
		{4F2E6A35-3558-4922-A118-338930558577} = {4F2E6A35-3558-4922-A118-338930558577}
		{8300855A-47F0-4D5C-B47F-C463AA4F3E78} = {8300855A-47F0-4D5C-B47F-C463AA4F3E78}
	EndProjectSection
EndProject
Project("{2150E333-8FDC-42A3-9474-1A3956D46DE8}") = "test", "test", "{7B8B1F1B-731F-4ADB-8160-A40CB8EC5737}"
EndProject
Project("{8BC9CEB8-8B4A-11D0-8D11-00A0C91BC942}") = "common-unittest", "test\unittest\common-unittest.vcxproj", "{DFACABBE-4CB4-4241-9AB5-881F3F5BAFC5}"
EndProject
Project("{8BC9CEB8-8B4A-11D0-8D11-00A0C91BC942}") = "win32-test", "test\win32\win32-test.vcxproj", "{A9F0D54D-6503-47C4-801A-E6D491B01523}"
EndProject
Project("{8BC9CEB8-8B4A-11D0-8D11-00A0C91BC942}") = "uwp-test", "test\uwp\uwp-test.vcxproj", "{71D2F364-9A51-4EB8-A88D-D0AAD8BD0937}"
EndProject
Project("{FAE04EC0-301F-11D3-BF4B-00C04F79EFBC}") = "dotnet-component", "dotnet-component\dotnet-component.csproj", "{FD33CCE1-4866-4A63-B9BB-FFFD4D75D726}"
EndProject
Global
	GlobalSection(SolutionConfigurationPlatforms) = preSolution
		Debug|ARM64 = Debug|ARM64
		Debug|x64 = Debug|x64
		Debug|x86 = Debug|x86
		Release|ARM64 = Release|ARM64
		Release|x64 = Release|x64
		Release|x86 = Release|x86
	EndGlobalSection
	GlobalSection(ProjectConfigurationPlatforms) = postSolution
		{8300855A-47F0-4D5C-B47F-C463AA4F3E78}.Debug|ARM64.ActiveCfg = Debug|Win32
		{8300855A-47F0-4D5C-B47F-C463AA4F3E78}.Debug|x64.ActiveCfg = Debug|x64
		{8300855A-47F0-4D5C-B47F-C463AA4F3E78}.Debug|x64.Build.0 = Debug|x64
		{8300855A-47F0-4D5C-B47F-C463AA4F3E78}.Debug|x86.ActiveCfg = Debug|Win32
		{8300855A-47F0-4D5C-B47F-C463AA4F3E78}.Debug|x86.Build.0 = Debug|Win32
		{8300855A-47F0-4D5C-B47F-C463AA4F3E78}.Release|ARM64.ActiveCfg = Release|Win32
		{8300855A-47F0-4D5C-B47F-C463AA4F3E78}.Release|x64.ActiveCfg = Release|x64
		{8300855A-47F0-4D5C-B47F-C463AA4F3E78}.Release|x64.Build.0 = Release|x64
		{8300855A-47F0-4D5C-B47F-C463AA4F3E78}.Release|x86.ActiveCfg = Release|Win32
		{8300855A-47F0-4D5C-B47F-C463AA4F3E78}.Release|x86.Build.0 = Release|Win32
		{4F2E6A35-3558-4922-A118-338930558577}.Debug|ARM64.ActiveCfg = Debug|Win32
		{4F2E6A35-3558-4922-A118-338930558577}.Debug|x64.ActiveCfg = Debug|x64
		{4F2E6A35-3558-4922-A118-338930558577}.Debug|x64.Build.0 = Debug|x64
		{4F2E6A35-3558-4922-A118-338930558577}.Debug|x86.ActiveCfg = Debug|Win32
		{4F2E6A35-3558-4922-A118-338930558577}.Debug|x86.Build.0 = Debug|Win32
		{4F2E6A35-3558-4922-A118-338930558577}.Release|ARM64.ActiveCfg = Release|Win32
		{4F2E6A35-3558-4922-A118-338930558577}.Release|x64.ActiveCfg = Release|x64
		{4F2E6A35-3558-4922-A118-338930558577}.Release|x64.Build.0 = Release|x64
		{4F2E6A35-3558-4922-A118-338930558577}.Release|x86.ActiveCfg = Release|Win32
		{4F2E6A35-3558-4922-A118-338930558577}.Release|x86.Build.0 = Release|Win32
		{1B87F533-54BD-4DE9-B1DC-BFFDBF260596}.Debug|ARM64.ActiveCfg = Debug|Win32
		{1B87F533-54BD-4DE9-B1DC-BFFDBF260596}.Debug|x64.ActiveCfg = Debug|x64
		{1B87F533-54BD-4DE9-B1DC-BFFDBF260596}.Debug|x64.Build.0 = Debug|x64
		{1B87F533-54BD-4DE9-B1DC-BFFDBF260596}.Debug|x86.ActiveCfg = Debug|Win32
		{1B87F533-54BD-4DE9-B1DC-BFFDBF260596}.Debug|x86.Build.0 = Debug|Win32
		{1B87F533-54BD-4DE9-B1DC-BFFDBF260596}.Release|ARM64.ActiveCfg = Release|Win32
		{1B87F533-54BD-4DE9-B1DC-BFFDBF260596}.Release|x64.ActiveCfg = Release|x64
		{1B87F533-54BD-4DE9-B1DC-BFFDBF260596}.Release|x64.Build.0 = Release|x64
		{1B87F533-54BD-4DE9-B1DC-BFFDBF260596}.Release|x86.ActiveCfg = Release|Win32
		{1B87F533-54BD-4DE9-B1DC-BFFDBF260596}.Release|x86.Build.0 = Release|Win32
		{2A23D510-7508-4ABE-B21C-1EDF155EBF24}.Debug|ARM64.ActiveCfg = Debug|Win32
		{2A23D510-7508-4ABE-B21C-1EDF155EBF24}.Debug|x64.ActiveCfg = Debug|x64
		{2A23D510-7508-4ABE-B21C-1EDF155EBF24}.Debug|x64.Build.0 = Debug|x64
		{2A23D510-7508-4ABE-B21C-1EDF155EBF24}.Debug|x86.ActiveCfg = Debug|Win32
		{2A23D510-7508-4ABE-B21C-1EDF155EBF24}.Debug|x86.Build.0 = Debug|Win32
		{2A23D510-7508-4ABE-B21C-1EDF155EBF24}.Release|ARM64.ActiveCfg = Release|Win32
		{2A23D510-7508-4ABE-B21C-1EDF155EBF24}.Release|x64.ActiveCfg = Release|x64
		{2A23D510-7508-4ABE-B21C-1EDF155EBF24}.Release|x64.Build.0 = Release|x64
		{2A23D510-7508-4ABE-B21C-1EDF155EBF24}.Release|x86.ActiveCfg = Release|Win32
		{2A23D510-7508-4ABE-B21C-1EDF155EBF24}.Release|x86.Build.0 = Release|Win32
		{D85EDA8C-E19E-4CF6-80F1-C2F3B9348F31}.Debug|ARM64.ActiveCfg = Debug|ARM64
		{D85EDA8C-E19E-4CF6-80F1-C2F3B9348F31}.Debug|ARM64.Build.0 = Debug|ARM64
		{D85EDA8C-E19E-4CF6-80F1-C2F3B9348F31}.Debug|x64.ActiveCfg = Debug|x64
		{D85EDA8C-E19E-4CF6-80F1-C2F3B9348F31}.Debug|x64.Build.0 = Debug|x64
		{D85EDA8C-E19E-4CF6-80F1-C2F3B9348F31}.Debug|x86.ActiveCfg = Debug|Win32
		{D85EDA8C-E19E-4CF6-80F1-C2F3B9348F31}.Debug|x86.Build.0 = Debug|Win32
		{D85EDA8C-E19E-4CF6-80F1-C2F3B9348F31}.Release|ARM64.ActiveCfg = Release|ARM64
		{D85EDA8C-E19E-4CF6-80F1-C2F3B9348F31}.Release|ARM64.Build.0 = Release|ARM64
		{D85EDA8C-E19E-4CF6-80F1-C2F3B9348F31}.Release|x64.ActiveCfg = Release|x64
		{D85EDA8C-E19E-4CF6-80F1-C2F3B9348F31}.Release|x64.Build.0 = Release|x64
		{D85EDA8C-E19E-4CF6-80F1-C2F3B9348F31}.Release|x86.ActiveCfg = Release|Win32
		{D85EDA8C-E19E-4CF6-80F1-C2F3B9348F31}.Release|x86.Build.0 = Release|Win32
		{DFACABBE-4CB4-4241-9AB5-881F3F5BAFC5}.Debug|ARM64.ActiveCfg = Debug|Win32
		{DFACABBE-4CB4-4241-9AB5-881F3F5BAFC5}.Debug|x64.ActiveCfg = Debug|x64
		{DFACABBE-4CB4-4241-9AB5-881F3F5BAFC5}.Debug|x64.Build.0 = Debug|x64
		{DFACABBE-4CB4-4241-9AB5-881F3F5BAFC5}.Debug|x86.ActiveCfg = Debug|Win32
		{DFACABBE-4CB4-4241-9AB5-881F3F5BAFC5}.Debug|x86.Build.0 = Debug|Win32
		{DFACABBE-4CB4-4241-9AB5-881F3F5BAFC5}.Release|ARM64.ActiveCfg = Release|Win32
		{DFACABBE-4CB4-4241-9AB5-881F3F5BAFC5}.Release|x64.ActiveCfg = Release|x64
		{DFACABBE-4CB4-4241-9AB5-881F3F5BAFC5}.Release|x64.Build.0 = Release|x64
		{DFACABBE-4CB4-4241-9AB5-881F3F5BAFC5}.Release|x86.ActiveCfg = Release|Win32
		{DFACABBE-4CB4-4241-9AB5-881F3F5BAFC5}.Release|x86.Build.0 = Release|Win32
		{A9F0D54D-6503-47C4-801A-E6D491B01523}.Debug|ARM64.ActiveCfg = Debug|Win32
		{A9F0D54D-6503-47C4-801A-E6D491B01523}.Debug|x64.ActiveCfg = Debug|x64
		{A9F0D54D-6503-47C4-801A-E6D491B01523}.Debug|x64.Build.0 = Debug|x64
		{A9F0D54D-6503-47C4-801A-E6D491B01523}.Debug|x86.ActiveCfg = Debug|Win32
		{A9F0D54D-6503-47C4-801A-E6D491B01523}.Debug|x86.Build.0 = Debug|Win32
		{A9F0D54D-6503-47C4-801A-E6D491B01523}.Release|ARM64.ActiveCfg = Release|Win32
		{A9F0D54D-6503-47C4-801A-E6D491B01523}.Release|x64.ActiveCfg = Release|x64
		{A9F0D54D-6503-47C4-801A-E6D491B01523}.Release|x64.Build.0 = Release|x64
		{A9F0D54D-6503-47C4-801A-E6D491B01523}.Release|x86.ActiveCfg = Release|Win32
		{A9F0D54D-6503-47C4-801A-E6D491B01523}.Release|x86.Build.0 = Release|Win32
		{71D2F364-9A51-4EB8-A88D-D0AAD8BD0937}.Debug|ARM64.ActiveCfg = Debug|ARM64
		{71D2F364-9A51-4EB8-A88D-D0AAD8BD0937}.Debug|ARM64.Build.0 = Debug|ARM64
		{71D2F364-9A51-4EB8-A88D-D0AAD8BD0937}.Debug|ARM64.Deploy.0 = Debug|ARM64
		{71D2F364-9A51-4EB8-A88D-D0AAD8BD0937}.Debug|x64.ActiveCfg = Debug|x64
		{71D2F364-9A51-4EB8-A88D-D0AAD8BD0937}.Debug|x64.Build.0 = Debug|x64
		{71D2F364-9A51-4EB8-A88D-D0AAD8BD0937}.Debug|x64.Deploy.0 = Debug|x64
		{71D2F364-9A51-4EB8-A88D-D0AAD8BD0937}.Debug|x86.ActiveCfg = Debug|Win32
		{71D2F364-9A51-4EB8-A88D-D0AAD8BD0937}.Debug|x86.Build.0 = Debug|Win32
		{71D2F364-9A51-4EB8-A88D-D0AAD8BD0937}.Debug|x86.Deploy.0 = Debug|Win32
		{71D2F364-9A51-4EB8-A88D-D0AAD8BD0937}.Release|ARM64.ActiveCfg = Release|ARM64
		{71D2F364-9A51-4EB8-A88D-D0AAD8BD0937}.Release|ARM64.Build.0 = Release|ARM64
		{71D2F364-9A51-4EB8-A88D-D0AAD8BD0937}.Release|ARM64.Deploy.0 = Release|ARM64
		{71D2F364-9A51-4EB8-A88D-D0AAD8BD0937}.Release|x64.ActiveCfg = Release|x64
		{71D2F364-9A51-4EB8-A88D-D0AAD8BD0937}.Release|x64.Build.0 = Release|x64
		{71D2F364-9A51-4EB8-A88D-D0AAD8BD0937}.Release|x64.Deploy.0 = Release|x64
		{71D2F364-9A51-4EB8-A88D-D0AAD8BD0937}.Release|x86.ActiveCfg = Release|Win32
		{71D2F364-9A51-4EB8-A88D-D0AAD8BD0937}.Release|x86.Build.0 = Release|Win32
		{71D2F364-9A51-4EB8-A88D-D0AAD8BD0937}.Release|x86.Deploy.0 = Release|Win32
		{FD33CCE1-4866-4A63-B9BB-FFFD4D75D726}.Debug|ARM64.ActiveCfg = Debug|x86
		{FD33CCE1-4866-4A63-B9BB-FFFD4D75D726}.Debug|x64.ActiveCfg = Debug|x64
		{FD33CCE1-4866-4A63-B9BB-FFFD4D75D726}.Debug|x64.Build.0 = Debug|x64
		{FD33CCE1-4866-4A63-B9BB-FFFD4D75D726}.Debug|x86.ActiveCfg = Debug|x86
		{FD33CCE1-4866-4A63-B9BB-FFFD4D75D726}.Debug|x86.Build.0 = Debug|x86
		{FD33CCE1-4866-4A63-B9BB-FFFD4D75D726}.Release|ARM64.ActiveCfg = Release|x86
		{FD33CCE1-4866-4A63-B9BB-FFFD4D75D726}.Release|x64.ActiveCfg = Release|x64
		{FD33CCE1-4866-4A63-B9BB-FFFD4D75D726}.Release|x64.Build.0 = Release|x64
		{FD33CCE1-4866-4A63-B9BB-FFFD4D75D726}.Release|x86.ActiveCfg = Release|x86
		{FD33CCE1-4866-4A63-B9BB-FFFD4D75D726}.Release|x86.Build.0 = Release|x86
	EndGlobalSection
	GlobalSection(SolutionProperties) = preSolution
		HideSolutionNode = FALSE
	EndGlobalSection
	GlobalSection(NestedProjects) = preSolution
		{DFACABBE-4CB4-4241-9AB5-881F3F5BAFC5} = {7B8B1F1B-731F-4ADB-8160-A40CB8EC5737}
		{A9F0D54D-6503-47C4-801A-E6D491B01523} = {7B8B1F1B-731F-4ADB-8160-A40CB8EC5737}
		{71D2F364-9A51-4EB8-A88D-D0AAD8BD0937} = {7B8B1F1B-731F-4ADB-8160-A40CB8EC5737}
	EndGlobalSection
	GlobalSection(ExtensibilityGlobals) = postSolution
		SolutionGuid = {528CFED3-A6A0-4E71-9A98-ECA46F8B00FC}
	EndGlobalSection
EndGlobal
