
Microsoft Visual Studio Solution File, Format Version 12.00
# Visual Studio 14
VisualStudioVersion = 14.0.25420.1
MinimumVisualStudioVersion = 10.0.40219.1
Project("{8BC9CEB8-8B4A-11D0-8D11-00A0C91BC942}") = "HoloJsHost", "HoloJsHost\HoloJsHost.vcxproj", "{21882180-0464-4955-8ED0-6A610C87A26B}"
	ProjectSection(ProjectDependencies) = postProject
		{ABEF057D-44A3-6E92-15DC-03A220AF6AFC} = {ABEF057D-44A3-6E92-15DC-03A220AF6AFC}
		{5CF061C0-EA5A-323E-2FFB-145A0C3D60A5} = {5CF061C0-EA5A-323E-2FFB-145A0C3D60A5}
		{229C8CCC-D35C-ECDB-2B0C-27EE2CAC295B} = {229C8CCC-D35C-ECDB-2B0C-27EE2CAC295B}
	EndProjectSection
EndProject
Project("{2150E333-8FDC-42A3-9474-1A3956D46DE8}") = "ANGLE", "ANGLE", "{EC5151A4-94A7-4091-AFF6-6AB95BF10571}"
EndProject
Project("{8BC9CEB8-8B4A-11D0-8D11-00A0C91BC942}") = "angle_common", "..\angle\winrt\10\src\angle_common.vcxproj", "{7E3E300C-E43E-45E3-7AFE-6C728B705A32}"
EndProject
Project("{8BC9CEB8-8B4A-11D0-8D11-00A0C91BC942}") = "commit_id", "..\angle\winrt\10\src\commit_id.vcxproj", "{CC680B1E-4E12-511E-0BB1-98AC96D57E45}"
EndProject
Project("{8BC9CEB8-8B4A-11D0-8D11-00A0C91BC942}") = "copy_compiler_dll", "..\angle\winrt\10\src\copy_compiler_dll.vcxproj", "{827D9088-EBF8-F3E0-55C8-7221677654F2}"
EndProject
Project("{8BC9CEB8-8B4A-11D0-8D11-00A0C91BC942}") = "copy_scripts", "..\angle\winrt\10\src\copy_scripts.vcxproj", "{DC6C63FF-C15C-68A1-5864-FB597D75B2B3}"
EndProject
Project("{8BC9CEB8-8B4A-11D0-8D11-00A0C91BC942}") = "libANGLE", "..\angle\winrt\10\src\libANGLE.vcxproj", "{ABEF057D-44A3-6E92-15DC-03A220AF6AFC}"
EndProject
Project("{8BC9CEB8-8B4A-11D0-8D11-00A0C91BC942}") = "libEGL", "..\angle\winrt\10\src\libEGL.vcxproj", "{229C8CCC-D35C-ECDB-2B0C-27EE2CAC295B}"
EndProject
Project("{8BC9CEB8-8B4A-11D0-8D11-00A0C91BC942}") = "libGLESv2", "..\angle\winrt\10\src\libGLESv2.vcxproj", "{5CF061C0-EA5A-323E-2FFB-145A0C3D60A5}"
EndProject
Project("{8BC9CEB8-8B4A-11D0-8D11-00A0C91BC942}") = "preprocessor", "..\angle\winrt\10\src\preprocessor.vcxproj", "{DBFED762-09FA-6D74-851D-9BB6E20584F6}"
EndProject
Project("{8BC9CEB8-8B4A-11D0-8D11-00A0C91BC942}") = "translator", "..\angle\winrt\10\src\translator.vcxproj", "{CCB5F260-9E5D-B51E-07AC-61B3052C6A9F}"
EndProject
Project("{8BC9CEB8-8B4A-11D0-8D11-00A0C91BC942}") = "translator_lib", "..\angle\winrt\10\src\translator_lib.vcxproj", "{D42E649A-16F0-F02E-C9E0-4700295D3C78}"
EndProject
Project("{8BC9CEB8-8B4A-11D0-8D11-00A0C91BC942}") = "translator_static", "..\angle\winrt\10\src\translator_static.vcxproj", "{195002A7-E979-7387-6C9C-CFFF03DB1775}"
EndProject
Project("{8BC9CEB8-8B4A-11D0-8D11-00A0C91BC942}") = "SampleApp", "SampleApp\SampleApp.vcxproj", "{3B340C0C-AD83-49C0-954D-B6B36F3078CA}"
EndProject
Global
	GlobalSection(SolutionConfigurationPlatforms) = preSolution
		Debug|ARM = Debug|ARM
		Debug|x64 = Debug|x64
		Debug|x86 = Debug|x86
		Release|ARM = Release|ARM
		Release|x64 = Release|x64
		Release|x86 = Release|x86
	EndGlobalSection
	GlobalSection(ProjectConfigurationPlatforms) = postSolution
		{21882180-0464-4955-8ED0-6A610C87A26B}.Debug|ARM.ActiveCfg = Debug|ARM
		{21882180-0464-4955-8ED0-6A610C87A26B}.Debug|ARM.Build.0 = Debug|ARM
		{21882180-0464-4955-8ED0-6A610C87A26B}.Debug|x64.ActiveCfg = Debug|x64
		{21882180-0464-4955-8ED0-6A610C87A26B}.Debug|x64.Build.0 = Debug|x64
		{21882180-0464-4955-8ED0-6A610C87A26B}.Debug|x86.ActiveCfg = Debug|Win32
		{21882180-0464-4955-8ED0-6A610C87A26B}.Debug|x86.Build.0 = Debug|Win32
		{21882180-0464-4955-8ED0-6A610C87A26B}.Release|ARM.ActiveCfg = Release|ARM
		{21882180-0464-4955-8ED0-6A610C87A26B}.Release|ARM.Build.0 = Release|ARM
		{21882180-0464-4955-8ED0-6A610C87A26B}.Release|x64.ActiveCfg = Release|x64
		{21882180-0464-4955-8ED0-6A610C87A26B}.Release|x64.Build.0 = Release|x64
		{21882180-0464-4955-8ED0-6A610C87A26B}.Release|x86.ActiveCfg = Release|Win32
		{21882180-0464-4955-8ED0-6A610C87A26B}.Release|x86.Build.0 = Release|Win32
		{7E3E300C-E43E-45E3-7AFE-6C728B705A32}.Debug|ARM.ActiveCfg = Debug|ARM
		{7E3E300C-E43E-45E3-7AFE-6C728B705A32}.Debug|ARM.Build.0 = Debug|ARM
		{7E3E300C-E43E-45E3-7AFE-6C728B705A32}.Debug|x64.ActiveCfg = Debug|x64
		{7E3E300C-E43E-45E3-7AFE-6C728B705A32}.Debug|x64.Build.0 = Debug|x64
		{7E3E300C-E43E-45E3-7AFE-6C728B705A32}.Debug|x86.ActiveCfg = Debug|Win32
		{7E3E300C-E43E-45E3-7AFE-6C728B705A32}.Debug|x86.Build.0 = Debug|Win32
		{7E3E300C-E43E-45E3-7AFE-6C728B705A32}.Release|ARM.ActiveCfg = Release|ARM
		{7E3E300C-E43E-45E3-7AFE-6C728B705A32}.Release|ARM.Build.0 = Release|ARM
		{7E3E300C-E43E-45E3-7AFE-6C728B705A32}.Release|x64.ActiveCfg = Release|x64
		{7E3E300C-E43E-45E3-7AFE-6C728B705A32}.Release|x64.Build.0 = Release|x64
		{7E3E300C-E43E-45E3-7AFE-6C728B705A32}.Release|x86.ActiveCfg = Release|Win32
		{7E3E300C-E43E-45E3-7AFE-6C728B705A32}.Release|x86.Build.0 = Release|Win32
		{CC680B1E-4E12-511E-0BB1-98AC96D57E45}.Debug|ARM.ActiveCfg = Debug|ARM
		{CC680B1E-4E12-511E-0BB1-98AC96D57E45}.Debug|ARM.Build.0 = Debug|ARM
		{CC680B1E-4E12-511E-0BB1-98AC96D57E45}.Debug|x64.ActiveCfg = Debug|x64
		{CC680B1E-4E12-511E-0BB1-98AC96D57E45}.Debug|x64.Build.0 = Debug|x64
		{CC680B1E-4E12-511E-0BB1-98AC96D57E45}.Debug|x86.ActiveCfg = Debug|Win32
		{CC680B1E-4E12-511E-0BB1-98AC96D57E45}.Debug|x86.Build.0 = Debug|Win32
		{CC680B1E-4E12-511E-0BB1-98AC96D57E45}.Release|ARM.ActiveCfg = Release|ARM
		{CC680B1E-4E12-511E-0BB1-98AC96D57E45}.Release|ARM.Build.0 = Release|ARM
		{CC680B1E-4E12-511E-0BB1-98AC96D57E45}.Release|x64.ActiveCfg = Release|x64
		{CC680B1E-4E12-511E-0BB1-98AC96D57E45}.Release|x64.Build.0 = Release|x64
		{CC680B1E-4E12-511E-0BB1-98AC96D57E45}.Release|x86.ActiveCfg = Release|Win32
		{CC680B1E-4E12-511E-0BB1-98AC96D57E45}.Release|x86.Build.0 = Release|Win32
		{827D9088-EBF8-F3E0-55C8-7221677654F2}.Debug|ARM.ActiveCfg = Debug|ARM
		{827D9088-EBF8-F3E0-55C8-7221677654F2}.Debug|ARM.Build.0 = Debug|ARM
		{827D9088-EBF8-F3E0-55C8-7221677654F2}.Debug|x64.ActiveCfg = Debug|x64
		{827D9088-EBF8-F3E0-55C8-7221677654F2}.Debug|x64.Build.0 = Debug|x64
		{827D9088-EBF8-F3E0-55C8-7221677654F2}.Debug|x86.ActiveCfg = Debug|Win32
		{827D9088-EBF8-F3E0-55C8-7221677654F2}.Debug|x86.Build.0 = Debug|Win32
		{827D9088-EBF8-F3E0-55C8-7221677654F2}.Release|ARM.ActiveCfg = Release|ARM
		{827D9088-EBF8-F3E0-55C8-7221677654F2}.Release|ARM.Build.0 = Release|ARM
		{827D9088-EBF8-F3E0-55C8-7221677654F2}.Release|x64.ActiveCfg = Release|x64
		{827D9088-EBF8-F3E0-55C8-7221677654F2}.Release|x64.Build.0 = Release|x64
		{827D9088-EBF8-F3E0-55C8-7221677654F2}.Release|x86.ActiveCfg = Release|Win32
		{827D9088-EBF8-F3E0-55C8-7221677654F2}.Release|x86.Build.0 = Release|Win32
		{DC6C63FF-C15C-68A1-5864-FB597D75B2B3}.Debug|ARM.ActiveCfg = Debug|ARM
		{DC6C63FF-C15C-68A1-5864-FB597D75B2B3}.Debug|ARM.Build.0 = Debug|ARM
		{DC6C63FF-C15C-68A1-5864-FB597D75B2B3}.Debug|x64.ActiveCfg = Debug|x64
		{DC6C63FF-C15C-68A1-5864-FB597D75B2B3}.Debug|x64.Build.0 = Debug|x64
		{DC6C63FF-C15C-68A1-5864-FB597D75B2B3}.Debug|x86.ActiveCfg = Debug|Win32
		{DC6C63FF-C15C-68A1-5864-FB597D75B2B3}.Debug|x86.Build.0 = Debug|Win32
		{DC6C63FF-C15C-68A1-5864-FB597D75B2B3}.Release|ARM.ActiveCfg = Release|ARM
		{DC6C63FF-C15C-68A1-5864-FB597D75B2B3}.Release|ARM.Build.0 = Release|ARM
		{DC6C63FF-C15C-68A1-5864-FB597D75B2B3}.Release|x64.ActiveCfg = Release|x64
		{DC6C63FF-C15C-68A1-5864-FB597D75B2B3}.Release|x64.Build.0 = Release|x64
		{DC6C63FF-C15C-68A1-5864-FB597D75B2B3}.Release|x86.ActiveCfg = Release|Win32
		{DC6C63FF-C15C-68A1-5864-FB597D75B2B3}.Release|x86.Build.0 = Release|Win32
		{ABEF057D-44A3-6E92-15DC-03A220AF6AFC}.Debug|ARM.ActiveCfg = Debug|ARM
		{ABEF057D-44A3-6E92-15DC-03A220AF6AFC}.Debug|ARM.Build.0 = Debug|ARM
		{ABEF057D-44A3-6E92-15DC-03A220AF6AFC}.Debug|x64.ActiveCfg = Debug|x64
		{ABEF057D-44A3-6E92-15DC-03A220AF6AFC}.Debug|x64.Build.0 = Debug|x64
		{ABEF057D-44A3-6E92-15DC-03A220AF6AFC}.Debug|x86.ActiveCfg = Debug|Win32
		{ABEF057D-44A3-6E92-15DC-03A220AF6AFC}.Debug|x86.Build.0 = Debug|Win32
		{ABEF057D-44A3-6E92-15DC-03A220AF6AFC}.Release|ARM.ActiveCfg = Release|ARM
		{ABEF057D-44A3-6E92-15DC-03A220AF6AFC}.Release|ARM.Build.0 = Release|ARM
		{ABEF057D-44A3-6E92-15DC-03A220AF6AFC}.Release|x64.ActiveCfg = Release|x64
		{ABEF057D-44A3-6E92-15DC-03A220AF6AFC}.Release|x64.Build.0 = Release|x64
		{ABEF057D-44A3-6E92-15DC-03A220AF6AFC}.Release|x86.ActiveCfg = Release|Win32
		{ABEF057D-44A3-6E92-15DC-03A220AF6AFC}.Release|x86.Build.0 = Release|Win32
		{229C8CCC-D35C-ECDB-2B0C-27EE2CAC295B}.Debug|ARM.ActiveCfg = Debug|ARM
		{229C8CCC-D35C-ECDB-2B0C-27EE2CAC295B}.Debug|ARM.Build.0 = Debug|ARM
		{229C8CCC-D35C-ECDB-2B0C-27EE2CAC295B}.Debug|x64.ActiveCfg = Debug|x64
		{229C8CCC-D35C-ECDB-2B0C-27EE2CAC295B}.Debug|x64.Build.0 = Debug|x64
		{229C8CCC-D35C-ECDB-2B0C-27EE2CAC295B}.Debug|x86.ActiveCfg = Debug|Win32
		{229C8CCC-D35C-ECDB-2B0C-27EE2CAC295B}.Debug|x86.Build.0 = Debug|Win32
		{229C8CCC-D35C-ECDB-2B0C-27EE2CAC295B}.Release|ARM.ActiveCfg = Release|ARM
		{229C8CCC-D35C-ECDB-2B0C-27EE2CAC295B}.Release|ARM.Build.0 = Release|ARM
		{229C8CCC-D35C-ECDB-2B0C-27EE2CAC295B}.Release|x64.ActiveCfg = Release|x64
		{229C8CCC-D35C-ECDB-2B0C-27EE2CAC295B}.Release|x64.Build.0 = Release|x64
		{229C8CCC-D35C-ECDB-2B0C-27EE2CAC295B}.Release|x86.ActiveCfg = Release|Win32
		{229C8CCC-D35C-ECDB-2B0C-27EE2CAC295B}.Release|x86.Build.0 = Release|Win32
		{5CF061C0-EA5A-323E-2FFB-145A0C3D60A5}.Debug|ARM.ActiveCfg = Debug|ARM
		{5CF061C0-EA5A-323E-2FFB-145A0C3D60A5}.Debug|ARM.Build.0 = Debug|ARM
		{5CF061C0-EA5A-323E-2FFB-145A0C3D60A5}.Debug|x64.ActiveCfg = Debug|x64
		{5CF061C0-EA5A-323E-2FFB-145A0C3D60A5}.Debug|x64.Build.0 = Debug|x64
		{5CF061C0-EA5A-323E-2FFB-145A0C3D60A5}.Debug|x86.ActiveCfg = Debug|Win32
		{5CF061C0-EA5A-323E-2FFB-145A0C3D60A5}.Debug|x86.Build.0 = Debug|Win32
		{5CF061C0-EA5A-323E-2FFB-145A0C3D60A5}.Release|ARM.ActiveCfg = Release|ARM
		{5CF061C0-EA5A-323E-2FFB-145A0C3D60A5}.Release|ARM.Build.0 = Release|ARM
		{5CF061C0-EA5A-323E-2FFB-145A0C3D60A5}.Release|x64.ActiveCfg = Release|x64
		{5CF061C0-EA5A-323E-2FFB-145A0C3D60A5}.Release|x64.Build.0 = Release|x64
		{5CF061C0-EA5A-323E-2FFB-145A0C3D60A5}.Release|x86.ActiveCfg = Release|Win32
		{5CF061C0-EA5A-323E-2FFB-145A0C3D60A5}.Release|x86.Build.0 = Release|Win32
		{DBFED762-09FA-6D74-851D-9BB6E20584F6}.Debug|ARM.ActiveCfg = Debug|ARM
		{DBFED762-09FA-6D74-851D-9BB6E20584F6}.Debug|ARM.Build.0 = Debug|ARM
		{DBFED762-09FA-6D74-851D-9BB6E20584F6}.Debug|x64.ActiveCfg = Debug|x64
		{DBFED762-09FA-6D74-851D-9BB6E20584F6}.Debug|x64.Build.0 = Debug|x64
		{DBFED762-09FA-6D74-851D-9BB6E20584F6}.Debug|x86.ActiveCfg = Debug|Win32
		{DBFED762-09FA-6D74-851D-9BB6E20584F6}.Debug|x86.Build.0 = Debug|Win32
		{DBFED762-09FA-6D74-851D-9BB6E20584F6}.Release|ARM.ActiveCfg = Release|ARM
		{DBFED762-09FA-6D74-851D-9BB6E20584F6}.Release|ARM.Build.0 = Release|ARM
		{DBFED762-09FA-6D74-851D-9BB6E20584F6}.Release|x64.ActiveCfg = Release|x64
		{DBFED762-09FA-6D74-851D-9BB6E20584F6}.Release|x64.Build.0 = Release|x64
		{DBFED762-09FA-6D74-851D-9BB6E20584F6}.Release|x86.ActiveCfg = Release|Win32
		{DBFED762-09FA-6D74-851D-9BB6E20584F6}.Release|x86.Build.0 = Release|Win32
		{CCB5F260-9E5D-B51E-07AC-61B3052C6A9F}.Debug|ARM.ActiveCfg = Debug|ARM
		{CCB5F260-9E5D-B51E-07AC-61B3052C6A9F}.Debug|ARM.Build.0 = Debug|ARM
		{CCB5F260-9E5D-B51E-07AC-61B3052C6A9F}.Debug|x64.ActiveCfg = Debug|x64
		{CCB5F260-9E5D-B51E-07AC-61B3052C6A9F}.Debug|x64.Build.0 = Debug|x64
		{CCB5F260-9E5D-B51E-07AC-61B3052C6A9F}.Debug|x86.ActiveCfg = Debug|Win32
		{CCB5F260-9E5D-B51E-07AC-61B3052C6A9F}.Debug|x86.Build.0 = Debug|Win32
		{CCB5F260-9E5D-B51E-07AC-61B3052C6A9F}.Release|ARM.ActiveCfg = Release|ARM
		{CCB5F260-9E5D-B51E-07AC-61B3052C6A9F}.Release|ARM.Build.0 = Release|ARM
		{CCB5F260-9E5D-B51E-07AC-61B3052C6A9F}.Release|x64.ActiveCfg = Release|x64
		{CCB5F260-9E5D-B51E-07AC-61B3052C6A9F}.Release|x64.Build.0 = Release|x64
		{CCB5F260-9E5D-B51E-07AC-61B3052C6A9F}.Release|x86.ActiveCfg = Release|Win32
		{CCB5F260-9E5D-B51E-07AC-61B3052C6A9F}.Release|x86.Build.0 = Release|Win32
		{D42E649A-16F0-F02E-C9E0-4700295D3C78}.Debug|ARM.ActiveCfg = Debug|ARM
		{D42E649A-16F0-F02E-C9E0-4700295D3C78}.Debug|ARM.Build.0 = Debug|ARM
		{D42E649A-16F0-F02E-C9E0-4700295D3C78}.Debug|x64.ActiveCfg = Debug|x64
		{D42E649A-16F0-F02E-C9E0-4700295D3C78}.Debug|x64.Build.0 = Debug|x64
		{D42E649A-16F0-F02E-C9E0-4700295D3C78}.Debug|x86.ActiveCfg = Debug|Win32
		{D42E649A-16F0-F02E-C9E0-4700295D3C78}.Debug|x86.Build.0 = Debug|Win32
		{D42E649A-16F0-F02E-C9E0-4700295D3C78}.Release|ARM.ActiveCfg = Release|ARM
		{D42E649A-16F0-F02E-C9E0-4700295D3C78}.Release|ARM.Build.0 = Release|ARM
		{D42E649A-16F0-F02E-C9E0-4700295D3C78}.Release|x64.ActiveCfg = Release|x64
		{D42E649A-16F0-F02E-C9E0-4700295D3C78}.Release|x64.Build.0 = Release|x64
		{D42E649A-16F0-F02E-C9E0-4700295D3C78}.Release|x86.ActiveCfg = Release|Win32
		{D42E649A-16F0-F02E-C9E0-4700295D3C78}.Release|x86.Build.0 = Release|Win32
		{195002A7-E979-7387-6C9C-CFFF03DB1775}.Debug|ARM.ActiveCfg = Debug|ARM
		{195002A7-E979-7387-6C9C-CFFF03DB1775}.Debug|ARM.Build.0 = Debug|ARM
		{195002A7-E979-7387-6C9C-CFFF03DB1775}.Debug|x64.ActiveCfg = Debug|x64
		{195002A7-E979-7387-6C9C-CFFF03DB1775}.Debug|x64.Build.0 = Debug|x64
		{195002A7-E979-7387-6C9C-CFFF03DB1775}.Debug|x86.ActiveCfg = Debug|Win32
		{195002A7-E979-7387-6C9C-CFFF03DB1775}.Debug|x86.Build.0 = Debug|Win32
		{195002A7-E979-7387-6C9C-CFFF03DB1775}.Release|ARM.ActiveCfg = Release|ARM
		{195002A7-E979-7387-6C9C-CFFF03DB1775}.Release|ARM.Build.0 = Release|ARM
		{195002A7-E979-7387-6C9C-CFFF03DB1775}.Release|x64.ActiveCfg = Release|x64
		{195002A7-E979-7387-6C9C-CFFF03DB1775}.Release|x64.Build.0 = Release|x64
		{195002A7-E979-7387-6C9C-CFFF03DB1775}.Release|x86.ActiveCfg = Release|Win32
		{195002A7-E979-7387-6C9C-CFFF03DB1775}.Release|x86.Build.0 = Release|Win32
		{3B340C0C-AD83-49C0-954D-B6B36F3078CA}.Debug|ARM.ActiveCfg = Debug|ARM
		{3B340C0C-AD83-49C0-954D-B6B36F3078CA}.Debug|ARM.Build.0 = Debug|ARM
		{3B340C0C-AD83-49C0-954D-B6B36F3078CA}.Debug|ARM.Deploy.0 = Debug|ARM
		{3B340C0C-AD83-49C0-954D-B6B36F3078CA}.Debug|x64.ActiveCfg = Debug|x64
		{3B340C0C-AD83-49C0-954D-B6B36F3078CA}.Debug|x64.Build.0 = Debug|x64
		{3B340C0C-AD83-49C0-954D-B6B36F3078CA}.Debug|x64.Deploy.0 = Debug|x64
		{3B340C0C-AD83-49C0-954D-B6B36F3078CA}.Debug|x86.ActiveCfg = Debug|Win32
		{3B340C0C-AD83-49C0-954D-B6B36F3078CA}.Debug|x86.Build.0 = Debug|Win32
		{3B340C0C-AD83-49C0-954D-B6B36F3078CA}.Debug|x86.Deploy.0 = Debug|Win32
		{3B340C0C-AD83-49C0-954D-B6B36F3078CA}.Release|ARM.ActiveCfg = Release|ARM
		{3B340C0C-AD83-49C0-954D-B6B36F3078CA}.Release|ARM.Build.0 = Release|ARM
		{3B340C0C-AD83-49C0-954D-B6B36F3078CA}.Release|ARM.Deploy.0 = Release|ARM
		{3B340C0C-AD83-49C0-954D-B6B36F3078CA}.Release|x64.ActiveCfg = Release|x64
		{3B340C0C-AD83-49C0-954D-B6B36F3078CA}.Release|x64.Build.0 = Release|x64
		{3B340C0C-AD83-49C0-954D-B6B36F3078CA}.Release|x64.Deploy.0 = Release|x64
		{3B340C0C-AD83-49C0-954D-B6B36F3078CA}.Release|x86.ActiveCfg = Release|Win32
		{3B340C0C-AD83-49C0-954D-B6B36F3078CA}.Release|x86.Build.0 = Release|Win32
		{3B340C0C-AD83-49C0-954D-B6B36F3078CA}.Release|x86.Deploy.0 = Release|Win32
	EndGlobalSection
	GlobalSection(SolutionProperties) = preSolution
		HideSolutionNode = FALSE
	EndGlobalSection
	GlobalSection(NestedProjects) = preSolution
		{7E3E300C-E43E-45E3-7AFE-6C728B705A32} = {EC5151A4-94A7-4091-AFF6-6AB95BF10571}
		{CC680B1E-4E12-511E-0BB1-98AC96D57E45} = {EC5151A4-94A7-4091-AFF6-6AB95BF10571}
		{827D9088-EBF8-F3E0-55C8-7221677654F2} = {EC5151A4-94A7-4091-AFF6-6AB95BF10571}
		{DC6C63FF-C15C-68A1-5864-FB597D75B2B3} = {EC5151A4-94A7-4091-AFF6-6AB95BF10571}
		{ABEF057D-44A3-6E92-15DC-03A220AF6AFC} = {EC5151A4-94A7-4091-AFF6-6AB95BF10571}
		{229C8CCC-D35C-ECDB-2B0C-27EE2CAC295B} = {EC5151A4-94A7-4091-AFF6-6AB95BF10571}
		{5CF061C0-EA5A-323E-2FFB-145A0C3D60A5} = {EC5151A4-94A7-4091-AFF6-6AB95BF10571}
		{DBFED762-09FA-6D74-851D-9BB6E20584F6} = {EC5151A4-94A7-4091-AFF6-6AB95BF10571}
		{CCB5F260-9E5D-B51E-07AC-61B3052C6A9F} = {EC5151A4-94A7-4091-AFF6-6AB95BF10571}
		{D42E649A-16F0-F02E-C9E0-4700295D3C78} = {EC5151A4-94A7-4091-AFF6-6AB95BF10571}
		{195002A7-E979-7387-6C9C-CFFF03DB1775} = {EC5151A4-94A7-4091-AFF6-6AB95BF10571}
	EndGlobalSection
EndGlobal
