
Microsoft Visual Studio Solution File, Format Version 12.00
# Visual Studio 14
VisualStudioVersion = 14.0.25420.1
MinimumVisualStudioVersion = 10.0.40219.1
Project("{8BC9CEB8-8B4A-11D0-8D11-00A0C91BC942}") = "HoloJsHost", "HoloJsHost\HoloJsHost.vcxproj", "{21882180-0464-4955-8ED0-6A610C87A26B}"
EndProject
Project("{8BC9CEB8-8B4A-11D0-8D11-00A0C91BC942}") = "SampleApp", "SampleApp\SampleApp.vcxproj", "{3B340C0C-AD83-49C0-954D-B6B36F3078CA}"
EndProject
Project("{8BC9CEB8-8B4A-11D0-8D11-00A0C91BC942}") = "ThreeJSApp", "ThreeJSApp\ThreeJSApp.vcxproj", "{2EA1228F-38D2-481E-AF6E-87BAED33D906}"
EndProject
Project("{2150E333-8FDC-42A3-9474-1A3956D46DE8}") = "Solution Items", "Solution Items", "{CADE011E-A37C-469C-8E6C-3185C156B108}"
	ProjectSection(SolutionItems) = preProject
		.clang-format = .clang-format
	EndProjectSection
EndProject
Project("{8BC9CEB8-8B4A-11D0-8D11-00A0C91BC942}") = "HoloJsWebViewer", "HoloJsWebViewer\HoloJsWebViewer.vcxproj", "{B3212232-4F34-48D2-AF44-1DA11274B223}"
EndProject
Project("{E24C65DC-7377-472B-9ABA-BC803B73C61A}") = "WebSamples", "..\WebSamples\", "{9734BBB8-31F3-4BF1-9D7B-3D19E8F4D98E}"
	ProjectSection(WebsiteProperties) = preProject
		TargetFrameworkMoniker = ".NETFramework,Version%3Dv4.0"
		Debug.AspNetCompiler.VirtualPath = "/localhost_6728"
		Debug.AspNetCompiler.PhysicalPath = "..\WebSamples\"
		Debug.AspNetCompiler.TargetPath = "PrecompiledWeb\localhost_6728\"
		Debug.AspNetCompiler.Updateable = "true"
		Debug.AspNetCompiler.ForceOverwrite = "true"
		Debug.AspNetCompiler.FixedNames = "false"
		Debug.AspNetCompiler.Debug = "True"
		Release.AspNetCompiler.VirtualPath = "/localhost_6728"
		Release.AspNetCompiler.PhysicalPath = "..\WebSamples\"
		Release.AspNetCompiler.TargetPath = "PrecompiledWeb\localhost_6728\"
		Release.AspNetCompiler.Updateable = "true"
		Release.AspNetCompiler.ForceOverwrite = "true"
		Release.AspNetCompiler.FixedNames = "false"
		Release.AspNetCompiler.Debug = "False"
		VWDPort = "6728"
		SlnRelativePath = "..\WebSamples\"
	EndProjectSection
EndProject
Global
	GlobalSection(SolutionConfigurationPlatforms) = preSolution
		Debug|x86 = Debug|x86
		Release|x86 = Release|x86
	EndGlobalSection
	GlobalSection(ProjectConfigurationPlatforms) = postSolution
		{21882180-0464-4955-8ED0-6A610C87A26B}.Debug|x86.ActiveCfg = Debug|Win32
		{21882180-0464-4955-8ED0-6A610C87A26B}.Debug|x86.Build.0 = Debug|Win32
		{21882180-0464-4955-8ED0-6A610C87A26B}.Release|x86.ActiveCfg = Release|Win32
		{21882180-0464-4955-8ED0-6A610C87A26B}.Release|x86.Build.0 = Release|Win32
		{3B340C0C-AD83-49C0-954D-B6B36F3078CA}.Debug|x86.ActiveCfg = Debug|Win32
		{3B340C0C-AD83-49C0-954D-B6B36F3078CA}.Debug|x86.Build.0 = Debug|Win32
		{3B340C0C-AD83-49C0-954D-B6B36F3078CA}.Debug|x86.Deploy.0 = Debug|Win32
		{3B340C0C-AD83-49C0-954D-B6B36F3078CA}.Release|x86.ActiveCfg = Release|Win32
		{3B340C0C-AD83-49C0-954D-B6B36F3078CA}.Release|x86.Build.0 = Release|Win32
		{3B340C0C-AD83-49C0-954D-B6B36F3078CA}.Release|x86.Deploy.0 = Release|Win32
		{2EA1228F-38D2-481E-AF6E-87BAED33D906}.Debug|x86.ActiveCfg = Debug|Win32
		{2EA1228F-38D2-481E-AF6E-87BAED33D906}.Debug|x86.Build.0 = Debug|Win32
		{2EA1228F-38D2-481E-AF6E-87BAED33D906}.Debug|x86.Deploy.0 = Debug|Win32
		{2EA1228F-38D2-481E-AF6E-87BAED33D906}.Release|x86.ActiveCfg = Release|Win32
		{2EA1228F-38D2-481E-AF6E-87BAED33D906}.Release|x86.Build.0 = Release|Win32
		{2EA1228F-38D2-481E-AF6E-87BAED33D906}.Release|x86.Deploy.0 = Release|Win32
		{B3212232-4F34-48D2-AF44-1DA11274B223}.Debug|x86.ActiveCfg = Debug|Win32
		{B3212232-4F34-48D2-AF44-1DA11274B223}.Debug|x86.Build.0 = Debug|Win32
		{B3212232-4F34-48D2-AF44-1DA11274B223}.Debug|x86.Deploy.0 = Debug|Win32
		{B3212232-4F34-48D2-AF44-1DA11274B223}.Release|x86.ActiveCfg = Release|Win32
		{B3212232-4F34-48D2-AF44-1DA11274B223}.Release|x86.Build.0 = Release|Win32
		{B3212232-4F34-48D2-AF44-1DA11274B223}.Release|x86.Deploy.0 = Release|Win32
		{9734BBB8-31F3-4BF1-9D7B-3D19E8F4D98E}.Debug|x86.ActiveCfg = Debug|Any CPU
		{9734BBB8-31F3-4BF1-9D7B-3D19E8F4D98E}.Debug|x86.Build.0 = Debug|Any CPU
		{9734BBB8-31F3-4BF1-9D7B-3D19E8F4D98E}.Release|x86.ActiveCfg = Debug|Any CPU
		{9734BBB8-31F3-4BF1-9D7B-3D19E8F4D98E}.Release|x86.Build.0 = Debug|Any CPU
	EndGlobalSection
	GlobalSection(SolutionProperties) = preSolution
		HideSolutionNode = FALSE
	EndGlobalSection
EndGlobal
