<?xml version="1.0" encoding="utf-8"?>
<Project ToolsVersion="4.0" xmlns="http://schemas.microsoft.com/developer/msbuild/2003">
  <ItemGroup>
    <ClCompile Include="HologramJS.cpp" />
    <ClCompile Include="ImageElement.cpp">
      <Filter>Interface\NativeSide</Filter>
    </ClCompile>
    <ClCompile Include="VideoElement.cpp">
      <Filter>Interface\NativeSide</Filter>
    </ClCompile>
    <ClCompile Include="XmlHttpRequest.cpp">
      <Filter>Interface\NativeSide</Filter>
    </ClCompile>
    <ClCompile Include="WindowElement.cpp">
      <Filter>Interface\NativeSide</Filter>
    </ClCompile>
    <ClCompile Include="System.cpp">
      <Filter>Runtime</Filter>
    </ClCompile>
    <ClCompile Include="WebGLObjects.cpp">
      <Filter>Render\WebGL</Filter>
    </ClCompile>
    <ClCompile Include="WebGLProjections.cpp">
      <Filter>Render\WebGL</Filter>
    </ClCompile>
    <ClCompile Include="WebGLRenderingContext.cpp">
      <Filter>Render\WebGL</Filter>
    </ClCompile>
    <ClCompile Include="Timers.cpp">
      <Filter>Runtime</Filter>
    </ClCompile>
    <ClCompile Include="FileSystemLoader.cpp">
      <Filter>Loaders</Filter>
    </ClCompile>
    <ClCompile Include="WebLoader.cpp">
      <Filter>Loaders</Filter>
    </ClCompile>
    <ClCompile Include="ScriptsLoader.cpp">
      <Filter>Loaders</Filter>
    </ClCompile>
    <ClCompile Include="ObjectEvents.cpp">
      <Filter>Interface\NativeSide</Filter>
    </ClCompile>
    <ClCompile Include="RenderingContext2D.cpp">
      <Filter>Render\2D</Filter>
    </ClCompile>
    <ClCompile Include="pch.cpp">
      <Filter>Include</Filter>
    </ClCompile>
    <ClCompile Include="KeyboardInput.cpp">
      <Filter>Runtime\Input</Filter>
    </ClCompile>
    <ClCompile Include="MouseInput.cpp">
      <Filter>Runtime\Input</Filter>
    </ClCompile>
    <ClCompile Include="SpatialInput.cpp">
      <Filter>Runtime\Input</Filter>
    </ClCompile>
    <ClCompile Include="SpatialMapping.cpp">
      <Filter>Runtime\SpatialMapping</Filter>
    </ClCompile>
    <ClCompile Include="ScriptHostUtilities.cpp">
      <Filter>Runtime\Utilities</Filter>
    </ClCompile>
    <ClCompile Include="ScriptResourceTracker.cpp">
      <Filter>Runtime\Utilities</Filter>
    </ClCompile>
    <ClCompile Include="Log.cpp">
      <Filter>Runtime\Utilities</Filter>
    </ClCompile>
    <ClCompile Include="HoloJsApp.cpp" />
    <ClCompile Include="CanvasProjections.cpp">
      <Filter>Render\2D</Filter>
    </ClCompile>
    <ClCompile Include="VoiceInput.cpp">
      <Filter>Runtime\Input</Filter>
    </ClCompile>
  </ItemGroup>
  <ItemGroup>
    <ClInclude Include="HologramJS.h" />
    <ClInclude Include="ExternalObject.h">
      <Filter>Interface\NativeSide</Filter>
    </ClInclude>
    <ClInclude Include="ImageElement.h">
      <Filter>Interface\NativeSide</Filter>
    </ClInclude>
    <ClInclude Include="VideoElement.h">
      <Filter>Interface\NativeSide</Filter>
    </ClInclude>
    <ClInclude Include="IRelease.h">
      <Filter>Interface\NativeSide</Filter>
    </ClInclude>
    <ClInclude Include="XmlHttpRequest.h">
      <Filter>Interface\NativeSide</Filter>
    </ClInclude>
    <ClInclude Include="WindowElement.h">
      <Filter>Interface\NativeSide</Filter>
    </ClInclude>
    <ClInclude Include="System.h">
      <Filter>Runtime</Filter>
    </ClInclude>
    <ClInclude Include="WebGLObjects.h">
      <Filter>Render\WebGL</Filter>
    </ClInclude>
    <ClInclude Include="WebGLProjections.h">
      <Filter>Render\WebGL</Filter>
    </ClInclude>
    <ClInclude Include="WebGLRenderingContext.h">
      <Filter>Render\WebGL</Filter>
    </ClInclude>
    <ClInclude Include="Timers.h">
      <Filter>Runtime</Filter>
    </ClInclude>
    <ClInclude Include="FileSystemLoader.h">
      <Filter>Loaders</Filter>
    </ClInclude>
    <ClInclude Include="WebLoader.h">
      <Filter>Loaders</Filter>
    </ClInclude>
    <ClInclude Include="ScriptsLoader.h">
      <Filter>Loaders</Filter>
    </ClInclude>
    <ClInclude Include="ObjectEvents.h">
      <Filter>Interface\NativeSide</Filter>
    </ClInclude>
    <ClInclude Include="RenderingContext2D.h">
      <Filter>Render\2D</Filter>
    </ClInclude>
    <ClInclude Include="ChakraForHoloJS.h">
      <Filter>Include</Filter>
    </ClInclude>
    <ClInclude Include="pch.h">
      <Filter>Include</Filter>
    </ClInclude>
    <ClInclude Include="InputInterface.h">
      <Filter>Runtime\Input</Filter>
    </ClInclude>
    <ClInclude Include="KeyboardInput.h">
      <Filter>Runtime\Input</Filter>
    </ClInclude>
    <ClInclude Include="MouseInput.h">
      <Filter>Runtime\Input</Filter>
    </ClInclude>
    <ClInclude Include="SpatialInput.h">
      <Filter>Runtime\Input</Filter>
    </ClInclude>
    <ClInclude Include="SpatialMapping.h">
      <Filter>Runtime\SpatialMapping</Filter>
    </ClInclude>
    <ClInclude Include="ScriptHostUtilities.h">
      <Filter>Runtime\Utilities</Filter>
    </ClInclude>
    <ClInclude Include="ScriptResourceTracker.h">
      <Filter>Runtime\Utilities</Filter>
    </ClInclude>
    <ClInclude Include="IBufferOnMemory.h">
      <Filter>Runtime\Utilities</Filter>
    </ClInclude>
    <ClInclude Include="ScriptErrorHandling.h">
      <Filter>Runtime\Utilities</Filter>
    </ClInclude>
    <ClInclude Include="ErrorHandling.h">
      <Filter>Include</Filter>
    </ClInclude>
    <ClInclude Include="HoloJsApp.h" />
    <ClInclude Include="CanvasProjections.h">
      <Filter>Render\2D</Filter>
    </ClInclude>
    <ClInclude Include="VoiceInput.h">
      <Filter>Runtime\Input</Filter>
    </ClInclude>
  </ItemGroup>
  <ItemGroup>
    <None Include="packages.config" />
    <None Include="ScriptingFramework\Image.js">
      <Filter>Interface\ScriptSide</Filter>
    </None>
    <None Include="ScriptingFramework\Video.js">
      <Filter>Interface\ScriptSide</Filter>
    </None>
    <None Include="ScriptingFramework\XmlHttpRequest.js">
      <Filter>Interface\ScriptSide</Filter>
    </None>
    <None Include="ScriptingFramework\framework.json">
      <Filter>Interface\ScriptSide</Filter>
    </None>
    <None Include="ScriptingFramework\window-holographic.js">
      <Filter>Interface\ScriptSide</Filter>
    </None>
    <None Include="ScriptingFramework\console.js">
      <Filter>Interface\ScriptSide</Filter>
    </None>
    <None Include="ScriptingFramework\DOM.js">
      <Filter>Interface\ScriptSide</Filter>
    </None>
    <None Include="ScriptingFramework\2d-context.js">
      <Filter>Interface\ScriptSide</Filter>
    </None>
    <None Include="ScriptingFramework\webgl-context.js">
      <Filter>Interface\ScriptSide</Filter>
    </None>
  </ItemGroup>
  <ItemGroup>
    <Filter Include="Loaders">
      <UniqueIdentifier>{10eafaf8-e776-40d8-9013-018f503650ef}</UniqueIdentifier>
    </Filter>
    <Filter Include="Interface">
      <UniqueIdentifier>{5be2926f-3d04-43bb-8b3d-af90c7d44525}</UniqueIdentifier>
    </Filter>
    <Filter Include="Interface\NativeSide">
      <UniqueIdentifier>{29f9bcec-9229-4ad7-9d4d-31ffc9c331e8}</UniqueIdentifier>
    </Filter>
    <Filter Include="Interface\ScriptSide">
      <UniqueIdentifier>{f96e322c-e22c-4eb9-9ed5-adff6ecffd1b}</UniqueIdentifier>
    </Filter>
    <Filter Include="Runtime">
      <UniqueIdentifier>{1882b52c-8128-4f39-a2b0-be06e72f40b5}</UniqueIdentifier>
    </Filter>
    <Filter Include="Render">
      <UniqueIdentifier>{878e2265-02b2-4ed6-9f59-6dfe77855486}</UniqueIdentifier>
    </Filter>
    <Filter Include="Render\WebGL">
      <UniqueIdentifier>{bf596f6d-a613-42c0-a055-a4899212936f}</UniqueIdentifier>
    </Filter>
    <Filter Include="Render\2D">
      <UniqueIdentifier>{7892b7c7-0129-427f-936d-ab155042c5d3}</UniqueIdentifier>
    </Filter>
    <Filter Include="Include">
      <UniqueIdentifier>{82ea3f82-1b16-4a7c-9189-23fe78dfb89c}</UniqueIdentifier>
    </Filter>
    <Filter Include="Runtime\Input">
      <UniqueIdentifier>{fb800fd0-c592-4b83-b601-5e0efc78b70f}</UniqueIdentifier>
    </Filter>
    <Filter Include="Runtime\SpatialMapping">
      <UniqueIdentifier>{902dfde1-6a39-4994-9054-e00c0c633532}</UniqueIdentifier>
    </Filter>
    <Filter Include="Runtime\Utilities">
      <UniqueIdentifier>{96031bc1-c829-4b84-b8ce-446cd05f9f38}</UniqueIdentifier>
    </Filter>
  </ItemGroup>
</Project>