<?xml version="1.0" encoding="utf-8"?>
<Project ToolsVersion="14.0" xmlns="http://schemas.microsoft.com/developer/msbuild/2003">
  <ItemGroup>
    <Filter Include="Resources">
      <UniqueIdentifier>aae432d0-2692-45bd-86ff-7f5f1ac979e2</UniqueIdentifier>
      <Extensions>rc;ico;cur;bmp;dlg;rc2;rct;bin;rgs;gif;jpg;jpeg;jpe;resx;tga;tiff;tif;png;wav;mfcribbon-ms</Extensions>
    </Filter>
    <Filter Include="ScriptingFramework">
      <UniqueIdentifier>{1483969d-aad0-43fd-977a-7ebfa209e473}</UniqueIdentifier>
    </Filter>
    <Filter Include="API">
      <UniqueIdentifier>{d14c5775-4970-429f-acdf-1964d5cc1f0e}</UniqueIdentifier>
    </Filter>
    <Filter Include="NativeFramework">
      <UniqueIdentifier>{5b1564ea-61af-4317-b5c5-9d9e12b4a298}</UniqueIdentifier>
    </Filter>
    <Filter Include="WebGL">
      <UniqueIdentifier>{b3379132-362c-4c2e-ae90-a880460ce3fa}</UniqueIdentifier>
    </Filter>
  </ItemGroup>
  <ItemGroup>
    <ClCompile Include="pch.cpp" />
    <ClCompile Include="HologramJS.cpp" />
    <ClCompile Include="ScriptsLoader.cpp" />
    <ClCompile Include="XmlHttpRequest.cpp">
      <Filter>API</Filter>
    </ClCompile>
    <ClCompile Include="ImageElement.cpp">
      <Filter>API</Filter>
    </ClCompile>
    <ClCompile Include="ScriptHostUtilities.cpp">
      <Filter>NativeFramework</Filter>
    </ClCompile>
    <ClCompile Include="ScriptResourceTracker.cpp">
      <Filter>NativeFramework</Filter>
    </ClCompile>
    <ClCompile Include="ObjectEvents.cpp" />
    <ClCompile Include="WindowElement.cpp">
      <Filter>API</Filter>
    </ClCompile>
    <ClCompile Include="KeyboardInput.cpp">
      <Filter>NativeFramework</Filter>
    </ClCompile>
    <ClCompile Include="MouseInput.cpp">
      <Filter>NativeFramework</Filter>
    </ClCompile>
    <ClCompile Include="System.cpp">
      <Filter>NativeFramework</Filter>
    </ClCompile>
    <ClCompile Include="RenderingContext2D.cpp">
      <Filter>WebGL</Filter>
    </ClCompile>
    <ClCompile Include="WebGLObjects.cpp">
      <Filter>WebGL</Filter>
    </ClCompile>
    <ClCompile Include="WebGLProjections.cpp">
      <Filter>WebGL</Filter>
    </ClCompile>
    <ClCompile Include="WebGLRenderingContext.cpp">
      <Filter>WebGL</Filter>
    </ClCompile>
    <ClCompile Include="VideoElement.cpp">
      <Filter>API</Filter>
    </ClCompile>
  </ItemGroup>
  <ItemGroup>
    <ClInclude Include="pch.h" />
    <ClInclude Include="HologramJS.h" />
    <ClInclude Include="ScriptsLoader.h" />
    <ClInclude Include="XmlHttpRequest.h">
      <Filter>API</Filter>
    </ClInclude>
    <ClInclude Include="ImageElement.h">
      <Filter>API</Filter>
    </ClInclude>
    <ClInclude Include="ScriptHostUtilities.h">
      <Filter>NativeFramework</Filter>
    </ClInclude>
    <ClInclude Include="ScriptResourceTracker.h">
      <Filter>NativeFramework</Filter>
    </ClInclude>
    <ClInclude Include="ObjectEvents.h" />
    <ClInclude Include="WindowElement.h">
      <Filter>API</Filter>
    </ClInclude>
    <ClInclude Include="KeyboardInput.h">
      <Filter>NativeFramework</Filter>
    </ClInclude>
    <ClInclude Include="MouseInput.h">
      <Filter>NativeFramework</Filter>
    </ClInclude>
    <ClInclude Include="System.h">
      <Filter>NativeFramework</Filter>
    </ClInclude>
    <ClInclude Include="ExternalObject.h">
      <Filter>API</Filter>
    </ClInclude>
    <ClInclude Include="IRelease.h">
      <Filter>API</Filter>
    </ClInclude>
    <ClInclude Include="IBufferOnMemory.h">
      <Filter>NativeFramework</Filter>
    </ClInclude>
    <ClInclude Include="RenderingContext2D.h">
      <Filter>WebGL</Filter>
    </ClInclude>
    <ClInclude Include="WebGLObjects.h">
      <Filter>WebGL</Filter>
    </ClInclude>
    <ClInclude Include="WebGLProjections.h">
      <Filter>WebGL</Filter>
    </ClInclude>
    <ClInclude Include="WebGLRenderingContext.h">
      <Filter>WebGL</Filter>
    </ClInclude>
    <ClInclude Include="VideoElement.h">
      <Filter>API</Filter>
    </ClInclude>
  </ItemGroup>
  <ItemGroup>
    <None Include="ScriptingFramework\Canvas2D.js">
      <Filter>ScriptingFramework</Filter>
    </None>
    <None Include="ScriptingFramework\DOM.js">
      <Filter>ScriptingFramework</Filter>
    </None>
    <None Include="ScriptingFramework\framework.json">
      <Filter>ScriptingFramework</Filter>
    </None>
    <None Include="ScriptingFramework\FrameworkHelpers.js">
      <Filter>ScriptingFramework</Filter>
    </None>
    <None Include="ScriptingFramework\Image.js">
      <Filter>ScriptingFramework</Filter>
    </None>
    <None Include="ScriptingFramework\WebGL.js">
      <Filter>ScriptingFramework</Filter>
    </None>
    <None Include="ScriptingFramework\Window.js">
      <Filter>ScriptingFramework</Filter>
    </None>
    <None Include="ScriptingFramework\XmlHttpRequest.js">
      <Filter>ScriptingFramework</Filter>
    </None>
    <None Include="packages.config" />
    <None Include="ScriptingFramework\Video.js">
      <Filter>ScriptingFramework</Filter>
    </None>
  </ItemGroup>
</Project>